// !$*UTF8*$!
{
	archiveVersion = 1;
	classes = {
	};
	objectVersion = 46;
	objects = {

/* Begin PBXAggregateTarget section */
		F5BBE8471E6CE2B200CD0C14 /* mogenerator */ = {
			isa = PBXAggregateTarget;
			buildConfigurationList = F5BBE8481E6CE2B200CD0C14 /* Build configuration list for PBXAggregateTarget "mogenerator" */;
			buildPhases = (
				F5BBE84B1E6CE2FA00CD0C14 /* ShellScript */,
			);
			dependencies = (
			);
			name = mogenerator;
			productName = mogenerator;
		};
/* End PBXAggregateTarget section */

/* Begin PBXBuildFile section */
		AF8FFC3BDCAF2664D5BE4ED1 /* Pods_SoundCloud.framework in Frameworks */ = {isa = PBXBuildFile; fileRef = AA1290C6DCB68CD965CFB108 /* Pods_SoundCloud.framework */; };
		F5A2A2FD1E5B7A3400B35420 /* Main.storyboard in Resources */ = {isa = PBXBuildFile; fileRef = F5A2A2FB1E5B7A3400B35420 /* Main.storyboard */; };
		F5A2A3021E5B7A3400B35420 /* Assets.xcassets in Resources */ = {isa = PBXBuildFile; fileRef = F5A2A3011E5B7A3400B35420 /* Assets.xcassets */; };
		F5A2A3051E5B7A3400B35420 /* LaunchScreen.storyboard in Resources */ = {isa = PBXBuildFile; fileRef = F5A2A3031E5B7A3400B35420 /* LaunchScreen.storyboard */; };
		F5A2A30E1E5B7BF800B35420 /* NetworkingManager.swift in Sources */ = {isa = PBXBuildFile; fileRef = F5A2A30D1E5B7BF800B35420 /* NetworkingManager.swift */; };
		F5A2A3101E5B830D00B35420 /* AppDelegate.swift in Sources */ = {isa = PBXBuildFile; fileRef = F5A2A30F1E5B830D00B35420 /* AppDelegate.swift */; };
		F5BBE8461E6CDC4A00CD0C14 /* Model.xcdatamodeld in Sources */ = {isa = PBXBuildFile; fileRef = F5BBE8441E6CDC4A00CD0C14 /* Model.xcdatamodeld */; };
		F5BBE8571E6CE81F00CD0C14 /* CoreDataManager.swift in Sources */ = {isa = PBXBuildFile; fileRef = F5BBE8561E6CE81F00CD0C14 /* CoreDataManager.swift */; };
		F5BBE85A1E6CE99900CD0C14 /* SynchronizerAdapter.swift in Sources */ = {isa = PBXBuildFile; fileRef = F5BBE8591E6CE99900CD0C14 /* SynchronizerAdapter.swift */; };
		F5BBE85C1E6CE99F00CD0C14 /* SynchronizationHandler.swift in Sources */ = {isa = PBXBuildFile; fileRef = F5BBE85B1E6CE99F00CD0C14 /* SynchronizationHandler.swift */; };
		F5BBE85E1E6CEBDA00CD0C14 /* PlaylistAdapter.swift in Sources */ = {isa = PBXBuildFile; fileRef = F5BBE85D1E6CEBDA00CD0C14 /* PlaylistAdapter.swift */; };
		F5BBE8671E6CEC2F00CD0C14 /* Playlist.swift in Sources */ = {isa = PBXBuildFile; fileRef = F5BBE8601E6CEC2F00CD0C14 /* Playlist.swift */; };
		F5BBE8681E6CEC2F00CD0C14 /* Track.swift in Sources */ = {isa = PBXBuildFile; fileRef = F5BBE8611E6CEC2F00CD0C14 /* Track.swift */; };
		F5BBE8691E6CEC2F00CD0C14 /* User.swift in Sources */ = {isa = PBXBuildFile; fileRef = F5BBE8621E6CEC2F00CD0C14 /* User.swift */; };
		F5BBE86A1E6CEC2F00CD0C14 /* _Playlist.swift in Sources */ = {isa = PBXBuildFile; fileRef = F5BBE8641E6CEC2F00CD0C14 /* _Playlist.swift */; };
		F5BBE86B1E6CEC2F00CD0C14 /* _Track.swift in Sources */ = {isa = PBXBuildFile; fileRef = F5BBE8651E6CEC2F00CD0C14 /* _Track.swift */; };
		F5BBE86C1E6CEC2F00CD0C14 /* _User.swift in Sources */ = {isa = PBXBuildFile; fileRef = F5BBE8661E6CEC2F00CD0C14 /* _User.swift */; };
		F5BBE86E1E6CEE1B00CD0C14 /* Model.swift in Sources */ = {isa = PBXBuildFile; fileRef = F5BBE86D1E6CEE1B00CD0C14 /* Model.swift */; };
		F5BBE8701E6CEE1F00CD0C14 /* _Model.swift in Sources */ = {isa = PBXBuildFile; fileRef = F5BBE86F1E6CEE1F00CD0C14 /* _Model.swift */; };
		F5BBE8721E6CEFAC00CD0C14 /* SwiftyJSON.swift in Sources */ = {isa = PBXBuildFile; fileRef = F5BBE8711E6CEFAC00CD0C14 /* SwiftyJSON.swift */; };
/* End PBXBuildFile section */

/* Begin PBXFileReference section */
		52F9DC4306F2EEBDFDEEFEE3 /* Pods-SoundCloud.release.xcconfig */ = {isa = PBXFileReference; includeInIndex = 1; lastKnownFileType = text.xcconfig; name = "Pods-SoundCloud.release.xcconfig"; path = "Pods/Target Support Files/Pods-SoundCloud/Pods-SoundCloud.release.xcconfig"; sourceTree = "<group>"; };
		9BA660D5C888F43C701D9228 /* Pods-SoundCloud.debug.xcconfig */ = {isa = PBXFileReference; includeInIndex = 1; lastKnownFileType = text.xcconfig; name = "Pods-SoundCloud.debug.xcconfig"; path = "Pods/Target Support Files/Pods-SoundCloud/Pods-SoundCloud.debug.xcconfig"; sourceTree = "<group>"; };
		AA1290C6DCB68CD965CFB108 /* Pods_SoundCloud.framework */ = {isa = PBXFileReference; explicitFileType = wrapper.framework; includeInIndex = 0; path = Pods_SoundCloud.framework; sourceTree = BUILT_PRODUCTS_DIR; };
		F5A2A2F41E5B7A3400B35420 /* SoundCloud.app */ = {isa = PBXFileReference; explicitFileType = wrapper.application; includeInIndex = 0; path = SoundCloud.app; sourceTree = BUILT_PRODUCTS_DIR; };
		F5A2A2FC1E5B7A3400B35420 /* Base */ = {isa = PBXFileReference; lastKnownFileType = file.storyboard; name = Base; path = Base.lproj/Main.storyboard; sourceTree = "<group>"; };
		F5A2A3011E5B7A3400B35420 /* Assets.xcassets */ = {isa = PBXFileReference; lastKnownFileType = folder.assetcatalog; path = Assets.xcassets; sourceTree = "<group>"; };
		F5A2A3041E5B7A3400B35420 /* Base */ = {isa = PBXFileReference; lastKnownFileType = file.storyboard; name = Base; path = Base.lproj/LaunchScreen.storyboard; sourceTree = "<group>"; };
		F5A2A3061E5B7A3400B35420 /* Info.plist */ = {isa = PBXFileReference; lastKnownFileType = text.plist.xml; path = Info.plist; sourceTree = "<group>"; };
		F5A2A30D1E5B7BF800B35420 /* NetworkingManager.swift */ = {isa = PBXFileReference; fileEncoding = 4; lastKnownFileType = sourcecode.swift; path = NetworkingManager.swift; sourceTree = "<group>"; };
		F5A2A30F1E5B830D00B35420 /* AppDelegate.swift */ = {isa = PBXFileReference; fileEncoding = 4; lastKnownFileType = sourcecode.swift; path = AppDelegate.swift; sourceTree = "<group>"; };
		F5BBE8451E6CDC4A00CD0C14 /* Model.xcdatamodel */ = {isa = PBXFileReference; lastKnownFileType = wrapper.xcdatamodel; path = Model.xcdatamodel; sourceTree = "<group>"; };
		F5BBE8561E6CE81F00CD0C14 /* CoreDataManager.swift */ = {isa = PBXFileReference; fileEncoding = 4; lastKnownFileType = sourcecode.swift; path = CoreDataManager.swift; sourceTree = "<group>"; };
		F5BBE8591E6CE99900CD0C14 /* SynchronizerAdapter.swift */ = {isa = PBXFileReference; fileEncoding = 4; lastKnownFileType = sourcecode.swift; path = SynchronizerAdapter.swift; sourceTree = "<group>"; };
		F5BBE85B1E6CE99F00CD0C14 /* SynchronizationHandler.swift */ = {isa = PBXFileReference; fileEncoding = 4; lastKnownFileType = sourcecode.swift; path = SynchronizationHandler.swift; sourceTree = "<group>"; };
		F5BBE85D1E6CEBDA00CD0C14 /* PlaylistAdapter.swift */ = {isa = PBXFileReference; fileEncoding = 4; lastKnownFileType = sourcecode.swift; path = PlaylistAdapter.swift; sourceTree = "<group>"; };
		F5BBE8601E6CEC2F00CD0C14 /* Playlist.swift */ = {isa = PBXFileReference; fileEncoding = 4; lastKnownFileType = sourcecode.swift; path = Playlist.swift; sourceTree = "<group>"; };
		F5BBE8611E6CEC2F00CD0C14 /* Track.swift */ = {isa = PBXFileReference; fileEncoding = 4; lastKnownFileType = sourcecode.swift; path = Track.swift; sourceTree = "<group>"; };
		F5BBE8621E6CEC2F00CD0C14 /* User.swift */ = {isa = PBXFileReference; fileEncoding = 4; lastKnownFileType = sourcecode.swift; path = User.swift; sourceTree = "<group>"; };
		F5BBE8641E6CEC2F00CD0C14 /* _Playlist.swift */ = {isa = PBXFileReference; fileEncoding = 4; lastKnownFileType = sourcecode.swift; path = _Playlist.swift; sourceTree = "<group>"; };
		F5BBE8651E6CEC2F00CD0C14 /* _Track.swift */ = {isa = PBXFileReference; fileEncoding = 4; lastKnownFileType = sourcecode.swift; path = _Track.swift; sourceTree = "<group>"; };
		F5BBE8661E6CEC2F00CD0C14 /* _User.swift */ = {isa = PBXFileReference; fileEncoding = 4; lastKnownFileType = sourcecode.swift; path = _User.swift; sourceTree = "<group>"; };
		F5BBE86D1E6CEE1B00CD0C14 /* Model.swift */ = {isa = PBXFileReference; fileEncoding = 4; lastKnownFileType = sourcecode.swift; path = Model.swift; sourceTree = "<group>"; };
		F5BBE86F1E6CEE1F00CD0C14 /* _Model.swift */ = {isa = PBXFileReference; fileEncoding = 4; lastKnownFileType = sourcecode.swift; path = _Model.swift; sourceTree = "<group>"; };
		F5BBE8711E6CEFAC00CD0C14 /* SwiftyJSON.swift */ = {isa = PBXFileReference; fileEncoding = 4; lastKnownFileType = sourcecode.swift; path = SwiftyJSON.swift; sourceTree = "<group>"; };
/* End PBXFileReference section */

/* Begin PBXFrameworksBuildPhase section */
		F5A2A2F11E5B7A3400B35420 /* Frameworks */ = {
			isa = PBXFrameworksBuildPhase;
			buildActionMask = 2147483647;
			files = (
				AF8FFC3BDCAF2664D5BE4ED1 /* Pods_SoundCloud.framework in Frameworks */,
			);
			runOnlyForDeploymentPostprocessing = 0;
		};
/* End PBXFrameworksBuildPhase section */

/* Begin PBXGroup section */
		78DA4FC58E49282CE59FA36A /* Pods */ = {
			isa = PBXGroup;
			children = (
				9BA660D5C888F43C701D9228 /* Pods-SoundCloud.debug.xcconfig */,
				52F9DC4306F2EEBDFDEEFEE3 /* Pods-SoundCloud.release.xcconfig */,
			);
			name = Pods;
			sourceTree = "<group>";
		};
		8B57D8EAC08D21070DA2DAE3 /* Frameworks */ = {
			isa = PBXGroup;
			children = (
				AA1290C6DCB68CD965CFB108 /* Pods_SoundCloud.framework */,
			);
			name = Frameworks;
			sourceTree = "<group>";
		};
		F5A2A2EB1E5B7A3400B35420 = {
			isa = PBXGroup;
			children = (
				F5A2A2F61E5B7A3400B35420 /* SoundCloud */,
				F5BBE8421E6CDBE500CD0C14 /* Supporting Files */,
				F5A2A2F51E5B7A3400B35420 /* Products */,
				78DA4FC58E49282CE59FA36A /* Pods */,
				8B57D8EAC08D21070DA2DAE3 /* Frameworks */,
			);
			sourceTree = "<group>";
		};
		F5A2A2F51E5B7A3400B35420 /* Products */ = {
			isa = PBXGroup;
			children = (
				F5A2A2F41E5B7A3400B35420 /* SoundCloud.app */,
			);
			name = Products;
			sourceTree = "<group>";
		};
		F5A2A2F61E5B7A3400B35420 /* SoundCloud */ = {
			isa = PBXGroup;
			children = (
				F5BBE8581E6CE96A00CD0C14 /* Adapters */,
				F5BBE8431E6CDC3800CD0C14 /* Models */,
				F5A2A2FB1E5B7A3400B35420 /* Main.storyboard */,
				F5A2A30F1E5B830D00B35420 /* AppDelegate.swift */,
				F5A2A3011E5B7A3400B35420 /* Assets.xcassets */,
				F5A2A3031E5B7A3400B35420 /* LaunchScreen.storyboard */,
				F5A2A30C1E5B7BE400B35420 /* Utilities */,
			);
			path = SoundCloud;
			sourceTree = "<group>";
		};
		F5A2A30C1E5B7BE400B35420 /* Utilities */ = {
			isa = PBXGroup;
			children = (
				F5A2A30D1E5B7BF800B35420 /* NetworkingManager.swift */,
				F5BBE8561E6CE81F00CD0C14 /* CoreDataManager.swift */,
				F5BBE8711E6CEFAC00CD0C14 /* SwiftyJSON.swift */,
			);
			path = Utilities;
			sourceTree = "<group>";
		};
		F5BBE8421E6CDBE500CD0C14 /* Supporting Files */ = {
			isa = PBXGroup;
			children = (
				F5A2A3061E5B7A3400B35420 /* Info.plist */,
			);
			name = "Supporting Files";
			path = "SoundCloud/Supporting Files";
			sourceTree = "<group>";
		};
		F5BBE8431E6CDC3800CD0C14 /* Models */ = {
			isa = PBXGroup;
			children = (
				F5BBE85F1E6CEC2F00CD0C14 /* ModelHuman */,
				F5BBE8631E6CEC2F00CD0C14 /* ModelMachine */,
				F5BBE8441E6CDC4A00CD0C14 /* Model.xcdatamodeld */,
			);
			path = Models;
			sourceTree = "<group>";
		};
		F5BBE8581E6CE96A00CD0C14 /* Adapters */ = {
			isa = PBXGroup;
			children = (
				F5BBE85B1E6CE99F00CD0C14 /* SynchronizationHandler.swift */,
				F5BBE8591E6CE99900CD0C14 /* SynchronizerAdapter.swift */,
				F5BBE85D1E6CEBDA00CD0C14 /* PlaylistAdapter.swift */,
			);
			path = Adapters;
			sourceTree = "<group>";
		};
		F5BBE85F1E6CEC2F00CD0C14 /* ModelHuman */ = {
			isa = PBXGroup;
			children = (
				F5BBE86D1E6CEE1B00CD0C14 /* Model.swift */,
				F5BBE8611E6CEC2F00CD0C14 /* Track.swift */,
				F5BBE8621E6CEC2F00CD0C14 /* User.swift */,
				F5BBE8601E6CEC2F00CD0C14 /* Playlist.swift */,
			);
			name = ModelHuman;
			path = Model/ModelHuman;
			sourceTree = SOURCE_ROOT;
		};
		F5BBE8631E6CEC2F00CD0C14 /* ModelMachine */ = {
			isa = PBXGroup;
			children = (
				F5BBE86F1E6CEE1F00CD0C14 /* _Model.swift */,
				F5BBE8641E6CEC2F00CD0C14 /* _Playlist.swift */,
				F5BBE8651E6CEC2F00CD0C14 /* _Track.swift */,
				F5BBE8661E6CEC2F00CD0C14 /* _User.swift */,
			);
			name = ModelMachine;
			path = Model/ModelMachine;
			sourceTree = SOURCE_ROOT;
		};
/* End PBXGroup section */

/* Begin PBXNativeTarget section */
		F5A2A2F31E5B7A3400B35420 /* SoundCloud */ = {
			isa = PBXNativeTarget;
			buildConfigurationList = F5A2A3091E5B7A3400B35420 /* Build configuration list for PBXNativeTarget "SoundCloud" */;
			buildPhases = (
				DEEADD73E34B4007B94131D1 /* [CP] Check Pods Manifest.lock */,
				F5A2A2F01E5B7A3400B35420 /* Sources */,
				F5A2A2F11E5B7A3400B35420 /* Frameworks */,
				F5A2A2F21E5B7A3400B35420 /* Resources */,
				69D2A7A3E43A07D4978696E6 /* [CP] Embed Pods Frameworks */,
				BC0967C7C19A872004B74691 /* [CP] Copy Pods Resources */,
			);
			buildRules = (
			);
			dependencies = (
			);
			name = SoundCloud;
			productName = SoundCloud;
			productReference = F5A2A2F41E5B7A3400B35420 /* SoundCloud.app */;
			productType = "com.apple.product-type.application";
		};
/* End PBXNativeTarget section */

/* Begin PBXProject section */
		F5A2A2EC1E5B7A3400B35420 /* Project object */ = {
			isa = PBXProject;
			attributes = {
				LastSwiftUpdateCheck = 0820;
				LastUpgradeCheck = 0820;
				ORGANIZATIONNAME = VZ;
				TargetAttributes = {
					F5A2A2F31E5B7A3400B35420 = {
						CreatedOnToolsVersion = 8.2.1;
						DevelopmentTeam = 9CHSEMW6LK;
						ProvisioningStyle = Automatic;
					};
					F5BBE8471E6CE2B200CD0C14 = {
						CreatedOnToolsVersion = 8.2.1;
						DevelopmentTeam = 9CHSEMW6LK;
						ProvisioningStyle = Automatic;
					};
				};
			};
			buildConfigurationList = F5A2A2EF1E5B7A3400B35420 /* Build configuration list for PBXProject "SoundCloud" */;
			compatibilityVersion = "Xcode 3.2";
			developmentRegion = English;
			hasScannedForEncodings = 0;
			knownRegions = (
				en,
				Base,
			);
			mainGroup = F5A2A2EB1E5B7A3400B35420;
			productRefGroup = F5A2A2F51E5B7A3400B35420 /* Products */;
			projectDirPath = "";
			projectRoot = "";
			targets = (
				F5A2A2F31E5B7A3400B35420 /* SoundCloud */,
				F5BBE8471E6CE2B200CD0C14 /* mogenerator */,
			);
		};
/* End PBXProject section */

/* Begin PBXResourcesBuildPhase section */
		F5A2A2F21E5B7A3400B35420 /* Resources */ = {
			isa = PBXResourcesBuildPhase;
			buildActionMask = 2147483647;
			files = (
				F5A2A3051E5B7A3400B35420 /* LaunchScreen.storyboard in Resources */,
				F5A2A3021E5B7A3400B35420 /* Assets.xcassets in Resources */,
				F5A2A2FD1E5B7A3400B35420 /* Main.storyboard in Resources */,
			);
			runOnlyForDeploymentPostprocessing = 0;
		};
/* End PBXResourcesBuildPhase section */

/* Begin PBXShellScriptBuildPhase section */
		69D2A7A3E43A07D4978696E6 /* [CP] Embed Pods Frameworks */ = {
			isa = PBXShellScriptBuildPhase;
			buildActionMask = 2147483647;
			files = (
			);
			inputPaths = (
			);
			name = "[CP] Embed Pods Frameworks";
			outputPaths = (
			);
			runOnlyForDeploymentPostprocessing = 0;
			shellPath = /bin/sh;
			shellScript = "\"${SRCROOT}/Pods/Target Support Files/Pods-SoundCloud/Pods-SoundCloud-frameworks.sh\"\n";
			showEnvVarsInLog = 0;
		};
		BC0967C7C19A872004B74691 /* [CP] Copy Pods Resources */ = {
			isa = PBXShellScriptBuildPhase;
			buildActionMask = 2147483647;
			files = (
			);
			inputPaths = (
			);
			name = "[CP] Copy Pods Resources";
			outputPaths = (
			);
			runOnlyForDeploymentPostprocessing = 0;
			shellPath = /bin/sh;
			shellScript = "\"${SRCROOT}/Pods/Target Support Files/Pods-SoundCloud/Pods-SoundCloud-resources.sh\"\n";
			showEnvVarsInLog = 0;
		};
		DEEADD73E34B4007B94131D1 /* [CP] Check Pods Manifest.lock */ = {
			isa = PBXShellScriptBuildPhase;
			buildActionMask = 2147483647;
			files = (
			);
			inputPaths = (
			);
			name = "[CP] Check Pods Manifest.lock";
			outputPaths = (
			);
			runOnlyForDeploymentPostprocessing = 0;
			shellPath = /bin/sh;
			shellScript = "diff \"${PODS_ROOT}/../Podfile.lock\" \"${PODS_ROOT}/Manifest.lock\" > /dev/null\nif [ $? != 0 ] ; then\n    # print error to STDERR\n    echo \"error: The sandbox is not in sync with the Podfile.lock. Run 'pod install' or update your CocoaPods installation.\" >&2\n    exit 1\nfi\n";
			showEnvVarsInLog = 0;
		};
		F5BBE84B1E6CE2FA00CD0C14 /* ShellScript */ = {
			isa = PBXShellScriptBuildPhase;
			buildActionMask = 2147483647;
			files = (
			);
			inputPaths = (
			);
			outputPaths = (
			);
			runOnlyForDeploymentPostprocessing = 0;
			shellPath = /bin/sh;
			shellScript = "mogenerator --template-var arc=true -m SoundCloud/Models/Model.xcdatamodeld / -M Model/ModelMachine -H Model/ModelHuman --base-class NSManagedObject --includem Model/ModelIncludes --swift --template-path ModelTemplates";
		};
/* End PBXShellScriptBuildPhase section */

/* Begin PBXSourcesBuildPhase section */
		F5A2A2F01E5B7A3400B35420 /* Sources */ = {
			isa = PBXSourcesBuildPhase;
			buildActionMask = 2147483647;
			files = (
				F5BBE85A1E6CE99900CD0C14 /* SynchronizerAdapter.swift in Sources */,
				F5BBE85C1E6CE99F00CD0C14 /* SynchronizationHandler.swift in Sources */,
				F5A2A3101E5B830D00B35420 /* AppDelegate.swift in Sources */,
				F5BBE8671E6CEC2F00CD0C14 /* Playlist.swift in Sources */,
				F5A2A30E1E5B7BF800B35420 /* NetworkingManager.swift in Sources */,
				F5BBE8681E6CEC2F00CD0C14 /* Track.swift in Sources */,
				F5BBE86C1E6CEC2F00CD0C14 /* _User.swift in Sources */,
				F5BBE86E1E6CEE1B00CD0C14 /* Model.swift in Sources */,
				F5BBE8571E6CE81F00CD0C14 /* CoreDataManager.swift in Sources */,
				F5BBE8701E6CEE1F00CD0C14 /* _Model.swift in Sources */,
				F5BBE8461E6CDC4A00CD0C14 /* Model.xcdatamodeld in Sources */,
				F5BBE8721E6CEFAC00CD0C14 /* SwiftyJSON.swift in Sources */,
				F5BBE8691E6CEC2F00CD0C14 /* User.swift in Sources */,
				F5BBE85E1E6CEBDA00CD0C14 /* PlaylistAdapter.swift in Sources */,
				F5BBE86A1E6CEC2F00CD0C14 /* _Playlist.swift in Sources */,
				F5BBE86B1E6CEC2F00CD0C14 /* _Track.swift in Sources */,
			);
			runOnlyForDeploymentPostprocessing = 0;
		};
/* End PBXSourcesBuildPhase section */

/* Begin PBXVariantGroup section */
		F5A2A2FB1E5B7A3400B35420 /* Main.storyboard */ = {
			isa = PBXVariantGroup;
			children = (
				F5A2A2FC1E5B7A3400B35420 /* Base */,
			);
			name = Main.storyboard;
			sourceTree = "<group>";
		};
		F5A2A3031E5B7A3400B35420 /* LaunchScreen.storyboard */ = {
			isa = PBXVariantGroup;
			children = (
				F5A2A3041E5B7A3400B35420 /* Base */,
			);
			name = LaunchScreen.storyboard;
			sourceTree = "<group>";
		};
/* End PBXVariantGroup section */

/* Begin XCBuildConfiguration section */
		F5A2A3071E5B7A3400B35420 /* Debug */ = {
			isa = XCBuildConfiguration;
			buildSettings = {
				ALWAYS_SEARCH_USER_PATHS = NO;
				CLANG_ANALYZER_NONNULL = YES;
				CLANG_CXX_LANGUAGE_STANDARD = "gnu++0x";
				CLANG_CXX_LIBRARY = "libc++";
				CLANG_ENABLE_MODULES = YES;
				CLANG_ENABLE_OBJC_ARC = YES;
				CLANG_WARN_BOOL_CONVERSION = YES;
				CLANG_WARN_CONSTANT_CONVERSION = YES;
				CLANG_WARN_DIRECT_OBJC_ISA_USAGE = YES_ERROR;
				CLANG_WARN_DOCUMENTATION_COMMENTS = YES;
				CLANG_WARN_EMPTY_BODY = YES;
				CLANG_WARN_ENUM_CONVERSION = YES;
				CLANG_WARN_INFINITE_RECURSION = YES;
				CLANG_WARN_INT_CONVERSION = YES;
				CLANG_WARN_OBJC_ROOT_CLASS = YES_ERROR;
				CLANG_WARN_SUSPICIOUS_MOVE = YES;
				CLANG_WARN_UNREACHABLE_CODE = YES;
				CLANG_WARN__DUPLICATE_METHOD_MATCH = YES;
				"CODE_SIGN_IDENTITY[sdk=iphoneos*]" = "iPhone Developer";
				COPY_PHASE_STRIP = NO;
				DEBUG_INFORMATION_FORMAT = dwarf;
				ENABLE_STRICT_OBJC_MSGSEND = YES;
				ENABLE_TESTABILITY = YES;
				GCC_C_LANGUAGE_STANDARD = gnu99;
				GCC_DYNAMIC_NO_PIC = NO;
				GCC_NO_COMMON_BLOCKS = YES;
				GCC_OPTIMIZATION_LEVEL = 0;
				GCC_PREPROCESSOR_DEFINITIONS = (
					"DEBUG=1",
					"$(inherited)",
				);
				GCC_WARN_64_TO_32_BIT_CONVERSION = YES;
				GCC_WARN_ABOUT_RETURN_TYPE = YES_ERROR;
				GCC_WARN_UNDECLARED_SELECTOR = YES;
				GCC_WARN_UNINITIALIZED_AUTOS = YES_AGGRESSIVE;
				GCC_WARN_UNUSED_FUNCTION = YES;
				GCC_WARN_UNUSED_VARIABLE = YES;
				IPHONEOS_DEPLOYMENT_TARGET = 10.2;
				MTL_ENABLE_DEBUG_INFO = YES;
				ONLY_ACTIVE_ARCH = YES;
				SDKROOT = iphoneos;
				SWIFT_ACTIVE_COMPILATION_CONDITIONS = DEBUG;
				SWIFT_OPTIMIZATION_LEVEL = "-Onone";
			};
			name = Debug;
		};
		F5A2A3081E5B7A3400B35420 /* Release */ = {
			isa = XCBuildConfiguration;
			buildSettings = {
				ALWAYS_SEARCH_USER_PATHS = NO;
				CLANG_ANALYZER_NONNULL = YES;
				CLANG_CXX_LANGUAGE_STANDARD = "gnu++0x";
				CLANG_CXX_LIBRARY = "libc++";
				CLANG_ENABLE_MODULES = YES;
				CLANG_ENABLE_OBJC_ARC = YES;
				CLANG_WARN_BOOL_CONVERSION = YES;
				CLANG_WARN_CONSTANT_CONVERSION = YES;
				CLANG_WARN_DIRECT_OBJC_ISA_USAGE = YES_ERROR;
				CLANG_WARN_DOCUMENTATION_COMMENTS = YES;
				CLANG_WARN_EMPTY_BODY = YES;
				CLANG_WARN_ENUM_CONVERSION = YES;
				CLANG_WARN_INFINITE_RECURSION = YES;
				CLANG_WARN_INT_CONVERSION = YES;
				CLANG_WARN_OBJC_ROOT_CLASS = YES_ERROR;
				CLANG_WARN_SUSPICIOUS_MOVE = YES;
				CLANG_WARN_UNREACHABLE_CODE = YES;
				CLANG_WARN__DUPLICATE_METHOD_MATCH = YES;
				"CODE_SIGN_IDENTITY[sdk=iphoneos*]" = "iPhone Developer";
				COPY_PHASE_STRIP = NO;
				DEBUG_INFORMATION_FORMAT = "dwarf-with-dsym";
				ENABLE_NS_ASSERTIONS = NO;
				ENABLE_STRICT_OBJC_MSGSEND = YES;
				GCC_C_LANGUAGE_STANDARD = gnu99;
				GCC_NO_COMMON_BLOCKS = YES;
				GCC_WARN_64_TO_32_BIT_CONVERSION = YES;
				GCC_WARN_ABOUT_RETURN_TYPE = YES_ERROR;
				GCC_WARN_UNDECLARED_SELECTOR = YES;
				GCC_WARN_UNINITIALIZED_AUTOS = YES_AGGRESSIVE;
				GCC_WARN_UNUSED_FUNCTION = YES;
				GCC_WARN_UNUSED_VARIABLE = YES;
				IPHONEOS_DEPLOYMENT_TARGET = 10.2;
				MTL_ENABLE_DEBUG_INFO = NO;
				SDKROOT = iphoneos;
				SWIFT_OPTIMIZATION_LEVEL = "-Owholemodule";
				VALIDATE_PRODUCT = YES;
			};
			name = Release;
		};
		F5A2A30A1E5B7A3400B35420 /* Debug */ = {
			isa = XCBuildConfiguration;
			baseConfigurationReference = 9BA660D5C888F43C701D9228 /* Pods-SoundCloud.debug.xcconfig */;
			buildSettings = {
				ASSETCATALOG_COMPILER_APPICON_NAME = AppIcon;
				DEVELOPMENT_TEAM = 9CHSEMW6LK;
				GCC_PREPROCESSOR_DEFINITIONS = (
					"$(inherited)",
					"COCOAPODS=1",
				);
				INFOPLIST_FILE = "$(SRCROOT)/SoundCloud/Supporting Files/Info.plist";
				LD_RUNPATH_SEARCH_PATHS = "$(inherited) @executable_path/Frameworks";
				PRODUCT_BUNDLE_IDENTIFIER = VZ.SoundCloud;
				PRODUCT_NAME = "$(TARGET_NAME)";
				SWIFT_VERSION = 3.0;
			};
			name = Debug;
		};
		F5A2A30B1E5B7A3400B35420 /* Release */ = {
			isa = XCBuildConfiguration;
			baseConfigurationReference = 52F9DC4306F2EEBDFDEEFEE3 /* Pods-SoundCloud.release.xcconfig */;
			buildSettings = {
				ASSETCATALOG_COMPILER_APPICON_NAME = AppIcon;
				DEVELOPMENT_TEAM = 9CHSEMW6LK;
				GCC_PREPROCESSOR_DEFINITIONS = (
					"$(inherited)",
					"COCOAPODS=1",
				);
				INFOPLIST_FILE = "$(SRCROOT)/SoundCloud/Supporting Files/Info.plist";
				LD_RUNPATH_SEARCH_PATHS = "$(inherited) @executable_path/Frameworks";
				PRODUCT_BUNDLE_IDENTIFIER = VZ.SoundCloud;
				PRODUCT_NAME = "$(TARGET_NAME)";
				SWIFT_VERSION = 3.0;
			};
			name = Release;
		};
		F5BBE8491E6CE2B200CD0C14 /* Debug */ = {
			isa = XCBuildConfiguration;
			buildSettings = {
				DEVELOPMENT_TEAM = 9CHSEMW6LK;
				PRODUCT_NAME = "$(TARGET_NAME)";
			};
			name = Debug;
		};
		F5BBE84A1E6CE2B200CD0C14 /* Release */ = {
			isa = XCBuildConfiguration;
			buildSettings = {
				DEVELOPMENT_TEAM = 9CHSEMW6LK;
				PRODUCT_NAME = "$(TARGET_NAME)";
			};
			name = Release;
		};
/* End XCBuildConfiguration section */

/* Begin XCConfigurationList section */
		F5A2A2EF1E5B7A3400B35420 /* Build configuration list for PBXProject "SoundCloud" */ = {
			isa = XCConfigurationList;
			buildConfigurations = (
				F5A2A3071E5B7A3400B35420 /* Debug */,
				F5A2A3081E5B7A3400B35420 /* Release */,
			);
			defaultConfigurationIsVisible = 0;
			defaultConfigurationName = Release;
		};
		F5A2A3091E5B7A3400B35420 /* Build configuration list for PBXNativeTarget "SoundCloud" */ = {
			isa = XCConfigurationList;
			buildConfigurations = (
				F5A2A30A1E5B7A3400B35420 /* Debug */,
				F5A2A30B1E5B7A3400B35420 /* Release */,
			);
			defaultConfigurationIsVisible = 0;
			defaultConfigurationName = Release;
		};
		F5BBE8481E6CE2B200CD0C14 /* Build configuration list for PBXAggregateTarget "mogenerator" */ = {
			isa = XCConfigurationList;
			buildConfigurations = (
				F5BBE8491E6CE2B200CD0C14 /* Debug */,
				F5BBE84A1E6CE2B200CD0C14 /* Release */,
			);
			defaultConfigurationIsVisible = 0;
			defaultConfigurationName = Release;
		};
/* End XCConfigurationList section */

/* Begin XCVersionGroup section */
		F5BBE8441E6CDC4A00CD0C14 /* Model.xcdatamodeld */ = {
			isa = XCVersionGroup;
			children = (
				F5BBE8451E6CDC4A00CD0C14 /* Model.xcdatamodel */,
			);
			currentVersion = F5BBE8451E6CDC4A00CD0C14 /* Model.xcdatamodel */;
			path = Model.xcdatamodeld;
			sourceTree = "<group>";
			versionGroupType = wrapper.xcdatamodel;
		};
/* End XCVersionGroup section */
	};
	rootObject = F5A2A2EC1E5B7A3400B35420 /* Project object */;
}
